// !$*UTF8*$!
{
	archiveVersion = 1;
	classes = {
	};
	objectVersion = 50;
	objects = {

/* Begin PBXBuildFile section */
		0DFEA0922E068B50E9054CF5 /* Pods_Olacare.framework in Frameworks */ = {isa = PBXBuildFile; fileRef = E1B23C920B6A9230827CB65F /* Pods_Olacare.framework */; };
		4954341222445C3200C32656 /* GoogleService-Info.plist in Resources */ = {isa = PBXBuildFile; fileRef = 4954341122445C3200C32656 /* GoogleService-Info.plist */; };
		495434142245AD6E00C32656 /* user.swift in Sources */ = {isa = PBXBuildFile; fileRef = 495434132245AD6E00C32656 /* user.swift */; };
		495434162245AF5F00C32656 /* LoginViewController.swift in Sources */ = {isa = PBXBuildFile; fileRef = 495434152245AF5F00C32656 /* LoginViewController.swift */; };
		495434182245AF7400C32656 /* signUpViewController.swift in Sources */ = {isa = PBXBuildFile; fileRef = 495434172245AF7400C32656 /* signUpViewController.swift */; };
		49C619CD22442B3C003FA1E5 /* AppDelegate.swift in Sources */ = {isa = PBXBuildFile; fileRef = 49C619CC22442B3C003FA1E5 /* AppDelegate.swift */; };
		49C619D222442B3C003FA1E5 /* Main.storyboard in Resources */ = {isa = PBXBuildFile; fileRef = 49C619D022442B3C003FA1E5 /* Main.storyboard */; };
		49C619D422442B3E003FA1E5 /* Assets.xcassets in Resources */ = {isa = PBXBuildFile; fileRef = 49C619D322442B3E003FA1E5 /* Assets.xcassets */; };
		49C619D722442B3E003FA1E5 /* LaunchScreen.storyboard in Resources */ = {isa = PBXBuildFile; fileRef = 49C619D522442B3E003FA1E5 /* LaunchScreen.storyboard */; };
/* End PBXBuildFile section */

/* Begin PBXFileReference section */
		0BB1E18B9F5D437D67A85188 /* Pods-Olacare.release.xcconfig */ = {isa = PBXFileReference; includeInIndex = 1; lastKnownFileType = text.xcconfig; name = "Pods-Olacare.release.xcconfig"; path = "Target Support Files/Pods-Olacare/Pods-Olacare.release.xcconfig"; sourceTree = "<group>"; };
		4954341122445C3200C32656 /* GoogleService-Info.plist */ = {isa = PBXFileReference; fileEncoding = 4; lastKnownFileType = text.plist.xml; path = "GoogleService-Info.plist"; sourceTree = "<group>"; };
		495434132245AD6E00C32656 /* user.swift */ = {isa = PBXFileReference; lastKnownFileType = sourcecode.swift; path = user.swift; sourceTree = "<group>"; };
		495434152245AF5F00C32656 /* LoginViewController.swift */ = {isa = PBXFileReference; lastKnownFileType = sourcecode.swift; path = LoginViewController.swift; sourceTree = "<group>"; };
		495434172245AF7400C32656 /* signUpViewController.swift */ = {isa = PBXFileReference; lastKnownFileType = sourcecode.swift; path = signUpViewController.swift; sourceTree = "<group>"; };
		49C619C922442B3C003FA1E5 /* Olacare.app */ = {isa = PBXFileReference; explicitFileType = wrapper.application; includeInIndex = 0; path = Olacare.app; sourceTree = BUILT_PRODUCTS_DIR; };
		49C619CC22442B3C003FA1E5 /* AppDelegate.swift */ = {isa = PBXFileReference; lastKnownFileType = sourcecode.swift; path = AppDelegate.swift; sourceTree = "<group>"; };
		49C619D122442B3C003FA1E5 /* Base */ = {isa = PBXFileReference; lastKnownFileType = file.storyboard; name = Base; path = Base.lproj/Main.storyboard; sourceTree = "<group>"; };
		49C619D322442B3E003FA1E5 /* Assets.xcassets */ = {isa = PBXFileReference; lastKnownFileType = folder.assetcatalog; path = Assets.xcassets; sourceTree = "<group>"; };
		49C619D622442B3E003FA1E5 /* Base */ = {isa = PBXFileReference; lastKnownFileType = file.storyboard; name = Base; path = Base.lproj/LaunchScreen.storyboard; sourceTree = "<group>"; };
		49C619D822442B3E003FA1E5 /* Info.plist */ = {isa = PBXFileReference; lastKnownFileType = text.plist.xml; path = Info.plist; sourceTree = "<group>"; };
		CDC92288D13FA5CDCECAA9FC /* Pods-Olacare.debug.xcconfig */ = {isa = PBXFileReference; includeInIndex = 1; lastKnownFileType = text.xcconfig; name = "Pods-Olacare.debug.xcconfig"; path = "Target Support Files/Pods-Olacare/Pods-Olacare.debug.xcconfig"; sourceTree = "<group>"; };
		E1B23C920B6A9230827CB65F /* Pods_Olacare.framework */ = {isa = PBXFileReference; explicitFileType = wrapper.framework; includeInIndex = 0; path = Pods_Olacare.framework; sourceTree = BUILT_PRODUCTS_DIR; };
/* End PBXFileReference section */

/* Begin PBXFrameworksBuildPhase section */
		49C619C622442B3C003FA1E5 /* Frameworks */ = {
			isa = PBXFrameworksBuildPhase;
			buildActionMask = 2147483647;
			files = (
				0DFEA0922E068B50E9054CF5 /* Pods_Olacare.framework in Frameworks */,
			);
			runOnlyForDeploymentPostprocessing = 0;
		};
/* End PBXFrameworksBuildPhase section */

/* Begin PBXGroup section */
		49C619C022442B3C003FA1E5 = {
			isa = PBXGroup;
			children = (
				49C619CB22442B3C003FA1E5 /* Olacare */,
				49C619CA22442B3C003FA1E5 /* Products */,
				C757B52CE60B372DA615A152 /* Pods */,
				DF06B7C92E3327DEDD77EF18 /* Frameworks */,
			);
			sourceTree = "<group>";
		};
		49C619CA22442B3C003FA1E5 /* Products */ = {
			isa = PBXGroup;
			children = (
				49C619C922442B3C003FA1E5 /* Olacare.app */,
			);
			name = Products;
			sourceTree = "<group>";
		};
		49C619CB22442B3C003FA1E5 /* Olacare */ = {
			isa = PBXGroup;
			children = (
				49C619CC22442B3C003FA1E5 /* AppDelegate.swift */,
				495434132245AD6E00C32656 /* user.swift */,
				495434152245AF5F00C32656 /* LoginViewController.swift */,
				495434172245AF7400C32656 /* signUpViewController.swift */,
				49C619D022442B3C003FA1E5 /* Main.storyboard */,
				49C619D322442B3E003FA1E5 /* Assets.xcassets */,
				49C619D522442B3E003FA1E5 /* LaunchScreen.storyboard */,
				49C619D822442B3E003FA1E5 /* Info.plist */,
				4954341122445C3200C32656 /* GoogleService-Info.plist */,
			);
			path = Olacare;
			sourceTree = "<group>";
		};
		C757B52CE60B372DA615A152 /* Pods */ = {
			isa = PBXGroup;
			children = (
				CDC92288D13FA5CDCECAA9FC /* Pods-Olacare.debug.xcconfig */,
				0BB1E18B9F5D437D67A85188 /* Pods-Olacare.release.xcconfig */,
			);
			path = Pods;
			sourceTree = "<group>";
		};
		DF06B7C92E3327DEDD77EF18 /* Frameworks */ = {
			isa = PBXGroup;
			children = (
				E1B23C920B6A9230827CB65F /* Pods_Olacare.framework */,
			);
			name = Frameworks;
			sourceTree = "<group>";
		};
/* End PBXGroup section */

/* Begin PBXNativeTarget section */
		49C619C822442B3C003FA1E5 /* Olacare */ = {
			isa = PBXNativeTarget;
			buildConfigurationList = 49C619DB22442B3E003FA1E5 /* Build configuration list for PBXNativeTarget "Olacare" */;
			buildPhases = (
				76104B335EC57F4A49391C1C /* [CP] Check Pods Manifest.lock */,
				49C619C522442B3C003FA1E5 /* Sources */,
				49C619C622442B3C003FA1E5 /* Frameworks */,
				49C619C722442B3C003FA1E5 /* Resources */,
				7B3F8BE969B5418984C85F85 /* [CP] Embed Pods Frameworks */,
			);
			buildRules = (
			);
			dependencies = (
			);
			name = Olacare;
			productName = Olacare;
			productReference = 49C619C922442B3C003FA1E5 /* Olacare.app */;
			productType = "com.apple.product-type.application";
		};
/* End PBXNativeTarget section */

/* Begin PBXProject section */
		49C619C122442B3C003FA1E5 /* Project object */ = {
			isa = PBXProject;
			attributes = {
				LastSwiftUpdateCheck = 1010;
				LastUpgradeCheck = 1010;
				ORGANIZATIONNAME = "Anthony Bravo";
				TargetAttributes = {
					49C619C822442B3C003FA1E5 = {
						CreatedOnToolsVersion = 10.1;
					};
				};
			};
			buildConfigurationList = 49C619C422442B3C003FA1E5 /* Build configuration list for PBXProject "Olacare" */;
			compatibilityVersion = "Xcode 9.3";
			developmentRegion = en;
			hasScannedForEncodings = 0;
			knownRegions = (
				en,
				Base,
			);
			mainGroup = 49C619C022442B3C003FA1E5;
			productRefGroup = 49C619CA22442B3C003FA1E5 /* Products */;
			projectDirPath = "";
			projectRoot = "";
			targets = (
				49C619C822442B3C003FA1E5 /* Olacare */,
			);
		};
/* End PBXProject section */

/* Begin PBXResourcesBuildPhase section */
		49C619C722442B3C003FA1E5 /* Resources */ = {
			isa = PBXResourcesBuildPhase;
			buildActionMask = 2147483647;
			files = (
				49C619D722442B3E003FA1E5 /* LaunchScreen.storyboard in Resources */,
				4954341222445C3200C32656 /* GoogleService-Info.plist in Resources */,
				49C619D422442B3E003FA1E5 /* Assets.xcassets in Resources */,
				49C619D222442B3C003FA1E5 /* Main.storyboard in Resources */,
			);
			runOnlyForDeploymentPostprocessing = 0;
		};
/* End PBXResourcesBuildPhase section */

/* Begin PBXShellScriptBuildPhase section */
		76104B335EC57F4A49391C1C /* [CP] Check Pods Manifest.lock */ = {
			isa = PBXShellScriptBuildPhase;
			buildActionMask = 2147483647;
			files = (
			);
			inputFileListPaths = (
			);
			inputPaths = (
				"${PODS_PODFILE_DIR_PATH}/Podfile.lock",
				"${PODS_ROOT}/Manifest.lock",
			);
			name = "[CP] Check Pods Manifest.lock";
			outputFileListPaths = (
			);
			outputPaths = (
				"$(DERIVED_FILE_DIR)/Pods-Olacare-checkManifestLockResult.txt",
			);
			runOnlyForDeploymentPostprocessing = 0;
			shellPath = /bin/sh;
			shellScript = "diff \"${PODS_PODFILE_DIR_PATH}/Podfile.lock\" \"${PODS_ROOT}/Manifest.lock\" > /dev/null\nif [ $? != 0 ] ; then\n    # print error to STDERR\n    echo \"error: The sandbox is not in sync with the Podfile.lock. Run 'pod install' or update your CocoaPods installation.\" >&2\n    exit 1\nfi\n# This output is used by Xcode 'outputs' to avoid re-running this script phase.\necho \"SUCCESS\" > \"${SCRIPT_OUTPUT_FILE_0}\"\n";
			showEnvVarsInLog = 0;
		};
		7B3F8BE969B5418984C85F85 /* [CP] Embed Pods Frameworks */ = {
			isa = PBXShellScriptBuildPhase;
			buildActionMask = 2147483647;
			files = (
			);
			inputFileListPaths = (
			);
			inputPaths = (
				"${PODS_ROOT}/Target Support Files/Pods-Olacare/Pods-Olacare-frameworks.sh",
				"${BUILT_PRODUCTS_DIR}/Alamofire/Alamofire.framework",
				"${BUILT_PRODUCTS_DIR}/GoogleUtilities/GoogleUtilities.framework",
				"${BUILT_PRODUCTS_DIR}/leveldb-library/leveldb.framework",
				"${BUILT_PRODUCTS_DIR}/nanopb/nanopb.framework",
			);
			name = "[CP] Embed Pods Frameworks";
			outputFileListPaths = (
			);
			outputPaths = (
				"${TARGET_BUILD_DIR}/${FRAMEWORKS_FOLDER_PATH}/Alamofire.framework",
				"${TARGET_BUILD_DIR}/${FRAMEWORKS_FOLDER_PATH}/GoogleUtilities.framework",
				"${TARGET_BUILD_DIR}/${FRAMEWORKS_FOLDER_PATH}/leveldb.framework",
				"${TARGET_BUILD_DIR}/${FRAMEWORKS_FOLDER_PATH}/nanopb.framework",
			);
			runOnlyForDeploymentPostprocessing = 0;
			shellPath = /bin/sh;
			shellScript = "\"${PODS_ROOT}/Target Support Files/Pods-Olacare/Pods-Olacare-frameworks.sh\"\n";
			showEnvVarsInLog = 0;
		};
/* End PBXShellScriptBuildPhase section */

/* Begin PBXSourcesBuildPhase section */
		49C619C522442B3C003FA1E5 /* Sources */ = {
			isa = PBXSourcesBuildPhase;
			buildActionMask = 2147483647;
			files = (
				495434162245AF5F00C32656 /* LoginViewController.swift in Sources */,
				49C619CD22442B3C003FA1E5 /* AppDelegate.swift in Sources */,
				495434182245AF7400C32656 /* signUpViewController.swift in Sources */,
				495434142245AD6E00C32656 /* user.swift in Sources */,
			);
			runOnlyForDeploymentPostprocessing = 0;
		};
/* End PBXSourcesBuildPhase section */

/* Begin PBXVariantGroup section */
		49C619D022442B3C003FA1E5 /* Main.storyboard */ = {
			isa = PBXVariantGroup;
			children = (
				49C619D122442B3C003FA1E5 /* Base */,
			);
			name = Main.storyboard;
			sourceTree = "<group>";
		};
		49C619D522442B3E003FA1E5 /* LaunchScreen.storyboard */ = {
			isa = PBXVariantGroup;
			children = (
				49C619D622442B3E003FA1E5 /* Base */,
			);
			name = LaunchScreen.storyboard;
			sourceTree = "<group>";
		};
/* End PBXVariantGroup section */

/* Begin XCBuildConfiguration section */
		49C619D922442B3E003FA1E5 /* Debug */ = {
			isa = XCBuildConfiguration;
			buildSettings = {
				ALWAYS_SEARCH_USER_PATHS = NO;
				CLANG_ANALYZER_NONNULL = YES;
				CLANG_ANALYZER_NUMBER_OBJECT_CONVERSION = YES_AGGRESSIVE;
				CLANG_CXX_LANGUAGE_STANDARD = "gnu++14";
				CLANG_CXX_LIBRARY = "libc++";
				CLANG_ENABLE_MODULES = YES;
				CLANG_ENABLE_OBJC_ARC = YES;
				CLANG_ENABLE_OBJC_WEAK = YES;
				CLANG_WARN_BLOCK_CAPTURE_AUTORELEASING = YES;
				CLANG_WARN_BOOL_CONVERSION = YES;
				CLANG_WARN_COMMA = YES;
				CLANG_WARN_CONSTANT_CONVERSION = YES;
				CLANG_WARN_DEPRECATED_OBJC_IMPLEMENTATIONS = YES;
				CLANG_WARN_DIRECT_OBJC_ISA_USAGE = YES_ERROR;
				CLANG_WARN_DOCUMENTATION_COMMENTS = YES;
				CLANG_WARN_EMPTY_BODY = YES;
				CLANG_WARN_ENUM_CONVERSION = YES;
				CLANG_WARN_INFINITE_RECURSION = YES;
				CLANG_WARN_INT_CONVERSION = YES;
				CLANG_WARN_NON_LITERAL_NULL_CONVERSION = YES;
				CLANG_WARN_OBJC_IMPLICIT_RETAIN_SELF = YES;
				CLANG_WARN_OBJC_LITERAL_CONVERSION = YES;
				CLANG_WARN_OBJC_ROOT_CLASS = YES_ERROR;
				CLANG_WARN_RANGE_LOOP_ANALYSIS = YES;
				CLANG_WARN_STRICT_PROTOTYPES = YES;
				CLANG_WARN_SUSPICIOUS_MOVE = YES;
				CLANG_WARN_UNGUARDED_AVAILABILITY = YES_AGGRESSIVE;
				CLANG_WARN_UNREACHABLE_CODE = YES;
				CLANG_WARN__DUPLICATE_METHOD_MATCH = YES;
				CODE_SIGN_IDENTITY = "iPhone Developer";
				COPY_PHASE_STRIP = NO;
				DEBUG_INFORMATION_FORMAT = dwarf;
				ENABLE_STRICT_OBJC_MSGSEND = YES;
				ENABLE_TESTABILITY = YES;
				GCC_C_LANGUAGE_STANDARD = gnu11;
				GCC_DYNAMIC_NO_PIC = NO;
				GCC_NO_COMMON_BLOCKS = YES;
				GCC_OPTIMIZATION_LEVEL = 0;
				GCC_PREPROCESSOR_DEFINITIONS = (
					"DEBUG=1",
					"$(inherited)",
				);
				GCC_WARN_64_TO_32_BIT_CONVERSION = YES;
				GCC_WARN_ABOUT_RETURN_TYPE = YES_ERROR;
				GCC_WARN_UNDECLARED_SELECTOR = YES;
				GCC_WARN_UNINITIALIZED_AUTOS = YES_AGGRESSIVE;
				GCC_WARN_UNUSED_FUNCTION = YES;
				GCC_WARN_UNUSED_VARIABLE = YES;
				IPHONEOS_DEPLOYMENT_TARGET = 12.1;
				MTL_ENABLE_DEBUG_INFO = INCLUDE_SOURCE;
				MTL_FAST_MATH = YES;
				ONLY_ACTIVE_ARCH = YES;
				SDKROOT = iphoneos;
				SWIFT_ACTIVE_COMPILATION_CONDITIONS = DEBUG;
				SWIFT_OPTIMIZATION_LEVEL = "-Onone";
			};
			name = Debug;
		};
		49C619DA22442B3E003FA1E5 /* Release */ = {
			isa = XCBuildConfiguration;
			buildSettings = {
				ALWAYS_SEARCH_USER_PATHS = NO;
				CLANG_ANALYZER_NONNULL = YES;
				CLANG_ANALYZER_NUMBER_OBJECT_CONVERSION = YES_AGGRESSIVE;
				CLANG_CXX_LANGUAGE_STANDARD = "gnu++14";
				CLANG_CXX_LIBRARY = "libc++";
				CLANG_ENABLE_MODULES = YES;
				CLANG_ENABLE_OBJC_ARC = YES;
				CLANG_ENABLE_OBJC_WEAK = YES;
				CLANG_WARN_BLOCK_CAPTURE_AUTORELEASING = YES;
				CLANG_WARN_BOOL_CONVERSION = YES;
				CLANG_WARN_COMMA = YES;
				CLANG_WARN_CONSTANT_CONVERSION = YES;
				CLANG_WARN_DEPRECATED_OBJC_IMPLEMENTATIONS = YES;
				CLANG_WARN_DIRECT_OBJC_ISA_USAGE = YES_ERROR;
				CLANG_WARN_DOCUMENTATION_COMMENTS = YES;
				CLANG_WARN_EMPTY_BODY = YES;
				CLANG_WARN_ENUM_CONVERSION = YES;
				CLANG_WARN_INFINITE_RECURSION = YES;
				CLANG_WARN_INT_CONVERSION = YES;
				CLANG_WARN_NON_LITERAL_NULL_CONVERSION = YES;
				CLANG_WARN_OBJC_IMPLICIT_RETAIN_SELF = YES;
				CLANG_WARN_OBJC_LITERAL_CONVERSION = YES;
				CLANG_WARN_OBJC_ROOT_CLASS = YES_ERROR;
				CLANG_WARN_RANGE_LOOP_ANALYSIS = YES;
				CLANG_WARN_STRICT_PROTOTYPES = YES;
				CLANG_WARN_SUSPICIOUS_MOVE = YES;
				CLANG_WARN_UNGUARDED_AVAILABILITY = YES_AGGRESSIVE;
				CLANG_WARN_UNREACHABLE_CODE = YES;
				CLANG_WARN__DUPLICATE_METHOD_MATCH = YES;
				CODE_SIGN_IDENTITY = "iPhone Developer";
				COPY_PHASE_STRIP = NO;
				DEBUG_INFORMATION_FORMAT = "dwarf-with-dsym";
				ENABLE_NS_ASSERTIONS = NO;
				ENABLE_STRICT_OBJC_MSGSEND = YES;
				GCC_C_LANGUAGE_STANDARD = gnu11;
				GCC_NO_COMMON_BLOCKS = YES;
				GCC_WARN_64_TO_32_BIT_CONVERSION = YES;
				GCC_WARN_ABOUT_RETURN_TYPE = YES_ERROR;
				GCC_WARN_UNDECLARED_SELECTOR = YES;
				GCC_WARN_UNINITIALIZED_AUTOS = YES_AGGRESSIVE;
				GCC_WARN_UNUSED_FUNCTION = YES;
				GCC_WARN_UNUSED_VARIABLE = YES;
				IPHONEOS_DEPLOYMENT_TARGET = 12.1;
				MTL_ENABLE_DEBUG_INFO = NO;
				MTL_FAST_MATH = YES;
				SDKROOT = iphoneos;
				SWIFT_COMPILATION_MODE = wholemodule;
				SWIFT_OPTIMIZATION_LEVEL = "-O";
				VALIDATE_PRODUCT = YES;
			};
			name = Release;
		};
		49C619DC22442B3E003FA1E5 /* Debug */ = {
			isa = XCBuildConfiguration;
			baseConfigurationReference = CDC92288D13FA5CDCECAA9FC /* Pods-Olacare.debug.xcconfig */;
			buildSettings = {
				ASSETCATALOG_COMPILER_APPICON_NAME = AppIcon;
				CODE_SIGN_STYLE = Automatic;
				INFOPLIST_FILE = Olacare/Info.plist;
				LD_RUNPATH_SEARCH_PATHS = (
					"$(inherited)",
					"@executable_path/Frameworks",
				);
				PRODUCT_BUNDLE_IDENTIFIER = com.Olacare.Olacare;
				PRODUCT_NAME = "$(TARGET_NAME)";
				SWIFT_VERSION = 4.2;
				TARGETED_DEVICE_FAMILY = "1,2";
			};
			name = Debug;
		};
		49C619DD22442B3E003FA1E5 /* Release */ = {
			isa = XCBuildConfiguration;
			baseConfigurationReference = 0BB1E18B9F5D437D67A85188 /* Pods-Olacare.release.xcconfig */;
			buildSettings = {
				ASSETCATALOG_COMPILER_APPICON_NAME = AppIcon;
				CODE_SIGN_STYLE = Automatic;
				INFOPLIST_FILE = Olacare/Info.plist;
				LD_RUNPATH_SEARCH_PATHS = (
					"$(inherited)",
					"@executable_path/Frameworks",
				);
				PRODUCT_BUNDLE_IDENTIFIER = com.Olacare.Olacare;
				PRODUCT_NAME = "$(TARGET_NAME)";
				SWIFT_VERSION = 4.2;
				TARGETED_DEVICE_FAMILY = "1,2";
			};
			name = Release;
		};
/* End XCBuildConfiguration section */

/* Begin XCConfigurationList section */
		49C619C422442B3C003FA1E5 /* Build configuration list for PBXProject "Olacare" */ = {
			isa = XCConfigurationList;
			buildConfigurations = (
				49C619D922442B3E003FA1E5 /* Debug */,
				49C619DA22442B3E003FA1E5 /* Release */,
			);
			defaultConfigurationIsVisible = 0;
			defaultConfigurationName = Release;
		};
		49C619DB22442B3E003FA1E5 /* Build configuration list for PBXNativeTarget "Olacare" */ = {
			isa = XCConfigurationList;
			buildConfigurations = (
				49C619DC22442B3E003FA1E5 /* Debug */,
				49C619DD22442B3E003FA1E5 /* Release */,
			);
			defaultConfigurationIsVisible = 0;
			defaultConfigurationName = Release;
		};
/* End XCConfigurationList section */
	};
	rootObject = 49C619C122442B3C003FA1E5 /* Project object */;
}
